
Microsoft Visual Studio Solution File, Format Version 12.00
# Visual Studio Version 17
VisualStudioVersion = 17.5.002.0
MinimumVisualStudioVersion = 10.0.40219.1
Project("{9A19103F-16F7-4668-BE54-9A1E7A4F7556}") = "WeatherApi", "WeatherApi.csproj", "{CB01B419-E580-427E-8E4B-286D5C32BA6E}"
EndProject
Global
	GlobalSection(SolutionConfigurationPlatforms) = preSolution
		Debug|Any CPU = Debug|Any CPU
		Release|Any CPU = Release|Any CPU
	EndGlobalSection
	GlobalSection(ProjectConfigurationPlatforms) = postSolution
		{CB01B419-E580-427E-8E4B-286D5C32BA6E}.Debug|Any CPU.ActiveCfg = Debug|Any CPU
		{CB01B419-E580-427E-8E4B-286D5C32BA6E}.Debug|Any CPU.Build.0 = Debug|Any CPU
		{CB01B419-E580-427E-8E4B-286D5C32BA6E}.Release|Any CPU.ActiveCfg = Release|Any CPU
		{CB01B419-E580-427E-8E4B-286D5C32BA6E}.Release|Any CPU.Build.0 = Release|Any CPU
	EndGlobalSection
	GlobalSection(SolutionProperties) = preSolution
		HideSolutionNode = FALSE
	EndGlobalSection
	GlobalSection(ExtensibilityGlobals) = postSolution
		SolutionGuid = {E2C4B988-E5AB-4611-A617-16D41FDCACC8}
	EndGlobalSection
EndGlobal
